
Microsoft Visual Studio Solution File, Format Version 12.00
# Visual Studio Version 17
VisualStudioVersion = 17.3.32929.385
MinimumVisualStudioVersion = 10.0.40219.1
Project("{9A19103F-16F7-4668-BE54-9A1E7A4F7556}") = "FirstBlazorApplication", "FirstBlazorApplication.csproj", "{310D2A31-7711-40ED-9F64-61EF93B29E34}"
EndProject
Project("{9A19103F-16F7-4668-BE54-9A1E7A4F7556}") = "FunctionAppHyperCars", "..\FunctionAppHyperCars\FunctionAppHyperCars.csproj", "{9499E92A-045C-4A8A-8916-1C5F7EF45DDE}"
EndProject
Global
	GlobalSection(SolutionConfigurationPlatforms) = preSolution
		Debug|Any CPU = Debug|Any CPU
		Release|Any CPU = Release|Any CPU
	EndGlobalSection
	GlobalSection(ProjectConfigurationPlatforms) = postSolution
		{310D2A31-7711-40ED-9F64-61EF93B29E34}.Debug|Any CPU.ActiveCfg = Debug|Any CPU
		{310D2A31-7711-40ED-9F64-61EF93B29E34}.Debug|Any CPU.Build.0 = Debug|Any CPU
		{310D2A31-7711-40ED-9F64-61EF93B29E34}.Release|Any CPU.ActiveCfg = Release|Any CPU
		{310D2A31-7711-40ED-9F64-61EF93B29E34}.Release|Any CPU.Build.0 = Release|Any CPU
		{9499E92A-045C-4A8A-8916-1C5F7EF45DDE}.Debug|Any CPU.ActiveCfg = Debug|Any CPU
		{9499E92A-045C-4A8A-8916-1C5F7EF45DDE}.Debug|Any CPU.Build.0 = Debug|Any CPU
		{9499E92A-045C-4A8A-8916-1C5F7EF45DDE}.Release|Any CPU.ActiveCfg = Release|Any CPU
		{9499E92A-045C-4A8A-8916-1C5F7EF45DDE}.Release|Any CPU.Build.0 = Release|Any CPU
	EndGlobalSection
	GlobalSection(SolutionProperties) = preSolution
		HideSolutionNode = FALSE
	EndGlobalSection
	GlobalSection(ExtensibilityGlobals) = postSolution
		SolutionGuid = {59068A1B-709B-46A0-9E72-B5A0228FBCC2}
	EndGlobalSection
EndGlobal
